
Microsoft Visual Studio Solution File, Format Version 12.00
# Visual Studio Version 17
VisualStudioVersion = 17.1.32228.430
MinimumVisualStudioVersion = 10.0.40219.1
Project("{2150E333-8FDC-42A3-9474-1A3956D46DE8}") = "tests", "tests", "{6938DC78-0018-4B63-BBDE-52D927668FF9}"
EndProject
Project("{FAE04EC0-301F-11D3-BF4B-00C04F79EFBC}") = "Enumeration.Test", "tests\Enumeration.Test\Enumeration.Test.csproj", "{46935F5C-DE61-48A9-80D5-FD2E115C345E}"
EndProject
Project("{2150E333-8FDC-42A3-9474-1A3956D46DE8}") = "src", "src", "{2A5797B4-6BF6-42FE-AA00-D807B4FE0DED}"
EndProject
Project("{FAE04EC0-301F-11D3-BF4B-00C04F79EFBC}") = "Enumeration", "src\Enumeration\Enumeration.csproj", "{79CD76EA-FDBC-4BCC-B800-28CD674E0FCC}"
EndProject
Global
	GlobalSection(SolutionProperties) = preSolution
		HideSolutionNode = FALSE
	EndGlobalSection
	GlobalSection(ExtensibilityGlobals) = postSolution
		SolutionGuid = {A636A503-08A0-4823-92AD-2258C49BFE77}
	EndGlobalSection
	GlobalSection(SolutionConfigurationPlatforms) = preSolution
		Debug|Any CPU = Debug|Any CPU
		Debug|x64 = Debug|x64
		Debug|x86 = Debug|x86
		Release|Any CPU = Release|Any CPU
		Release|x64 = Release|x64
		Release|x86 = Release|x86
	EndGlobalSection
	GlobalSection(ProjectConfigurationPlatforms) = postSolution
		{46935F5C-DE61-48A9-80D5-FD2E115C345E}.Debug|Any CPU.ActiveCfg = Debug|Any CPU
		{46935F5C-DE61-48A9-80D5-FD2E115C345E}.Debug|Any CPU.Build.0 = Debug|Any CPU
		{46935F5C-DE61-48A9-80D5-FD2E115C345E}.Debug|x64.ActiveCfg = Debug|Any CPU
		{46935F5C-DE61-48A9-80D5-FD2E115C345E}.Debug|x64.Build.0 = Debug|Any CPU
		{46935F5C-DE61-48A9-80D5-FD2E115C345E}.Debug|x86.ActiveCfg = Debug|Any CPU
		{46935F5C-DE61-48A9-80D5-FD2E115C345E}.Debug|x86.Build.0 = Debug|Any CPU
		{46935F5C-DE61-48A9-80D5-FD2E115C345E}.Release|Any CPU.ActiveCfg = Release|Any CPU
		{46935F5C-DE61-48A9-80D5-FD2E115C345E}.Release|Any CPU.Build.0 = Release|Any CPU
		{46935F5C-DE61-48A9-80D5-FD2E115C345E}.Release|x64.ActiveCfg = Release|Any CPU
		{46935F5C-DE61-48A9-80D5-FD2E115C345E}.Release|x64.Build.0 = Release|Any CPU
		{46935F5C-DE61-48A9-80D5-FD2E115C345E}.Release|x86.ActiveCfg = Release|Any CPU
		{46935F5C-DE61-48A9-80D5-FD2E115C345E}.Release|x86.Build.0 = Release|Any CPU
		{79CD76EA-FDBC-4BCC-B800-28CD674E0FCC}.Debug|Any CPU.ActiveCfg = Debug|Any CPU
		{79CD76EA-FDBC-4BCC-B800-28CD674E0FCC}.Debug|Any CPU.Build.0 = Debug|Any CPU
		{79CD76EA-FDBC-4BCC-B800-28CD674E0FCC}.Debug|x64.ActiveCfg = Debug|Any CPU
		{79CD76EA-FDBC-4BCC-B800-28CD674E0FCC}.Debug|x64.Build.0 = Debug|Any CPU
		{79CD76EA-FDBC-4BCC-B800-28CD674E0FCC}.Debug|x86.ActiveCfg = Debug|Any CPU
		{79CD76EA-FDBC-4BCC-B800-28CD674E0FCC}.Debug|x86.Build.0 = Debug|Any CPU
		{79CD76EA-FDBC-4BCC-B800-28CD674E0FCC}.Release|Any CPU.ActiveCfg = Release|Any CPU
		{79CD76EA-FDBC-4BCC-B800-28CD674E0FCC}.Release|Any CPU.Build.0 = Release|Any CPU
		{79CD76EA-FDBC-4BCC-B800-28CD674E0FCC}.Release|x64.ActiveCfg = Release|Any CPU
		{79CD76EA-FDBC-4BCC-B800-28CD674E0FCC}.Release|x64.Build.0 = Release|Any CPU
		{79CD76EA-FDBC-4BCC-B800-28CD674E0FCC}.Release|x86.ActiveCfg = Release|Any CPU
		{79CD76EA-FDBC-4BCC-B800-28CD674E0FCC}.Release|x86.Build.0 = Release|Any CPU
	EndGlobalSection
	GlobalSection(NestedProjects) = preSolution
		{46935F5C-DE61-48A9-80D5-FD2E115C345E} = {6938DC78-0018-4B63-BBDE-52D927668FF9}
		{79CD76EA-FDBC-4BCC-B800-28CD674E0FCC} = {2A5797B4-6BF6-42FE-AA00-D807B4FE0DED}
	EndGlobalSection
EndGlobal
